version = 1
revision = 3
requires-python = ">=3.12"

[[package]]
name = "neo4j"
version = "5.28.2"
source = { registry = "https://pypi.org/simple" }
dependencies = [
    { name = "pytz" },
]
sdist = { url = "https://files.pythonhosted.org/packages/50/69/4862fabc082f2447131aada5c91736155349d77ebf443af7f59553b7b789/neo4j-5.28.2.tar.gz", hash = "sha256:7d38e27e4f987a45cc9052500c6ee27325cb23dae6509037fe31dd7ddaed70c7", size = 231874, upload-time = "2025-07-30T06:04:34.669Z" }
wheels = [
    { url = "https://files.pythonhosted.org/packages/04/00/1f74089c06aec1fac9390e2300a6a6b2381e0dac281783d64ccca9d681fd/neo4j-5.28.2-py3-none-any.whl", hash = "sha256:5c53b5c3eee6dee7e920c9724391aa38d7135a651e71b766da00533b92a91a94", size = 313156, upload-time = "2025-07-30T06:04:31.438Z" },
]

[[package]]
name = "neomodel"
version = "5.5.3"
source = { registry = "https://pypi.org/simple" }
dependencies = [
    { name = "neo4j" },
]
sdist = { url = "https://files.pythonhosted.org/packages/4e/f7/2aeb9924d8146af8ce44e86c02cf10eae753cc71613f85d3a3946b465fc9/neomodel-5.5.3.tar.gz", hash = "sha256:fe36a48843ec9376210804ce90ac7e627da0895290f6702c7cc7dc00f2d66c9e", size = 203741, upload-time = "2025-10-01T14:21:58.592Z" }
wheels = [
    { url = "https://files.pythonhosted.org/packages/09/c6/24e4832b810f6dfd6473adfb6d5a833ce57d04da4ccf95613b1c3fa5f7d7/neomodel-5.5.3-py3-none-any.whl", hash = "sha256:5568512757d868b224b6d4beeb2e2fa94912ed1286e11bd032e17a9c9355d742", size = 240040, upload-time = "2025-10-01T14:21:57.268Z" },
]

[[package]]
name = "pytz"
version = "2025.2"
source = { registry = "https://pypi.org/simple" }
sdist = { url = "https://files.pythonhosted.org/packages/f8/bf/abbd3cdfb8fbc7fb3d4d38d320f2441b1e7cbe29be4f23797b4a2b5d8aac/pytz-2025.2.tar.gz", hash = "sha256:360b9e3dbb49a209c21ad61809c7fb453643e048b38924c765813546746e81c3", size = 320884, upload-time = "2025-03-25T02:25:00.538Z" }
wheels = [
    { url = "https://files.pythonhosted.org/packages/81/c4/34e93fe5f5429d7570ec1fa436f1986fb1f00c3e0f43a589fe2bbcd22c3f/pytz-2025.2-py2.py3-none-any.whl", hash = "sha256:5ddf76296dd8c44c26eb8f4b6f35488f3ccbf6fbbd7adee0b7262d43f0ec2f00", size = 509225, upload-time = "2025-03-25T02:24:58.468Z" },
]

[[package]]
name = "udt-clean-water-toolkit"
version = "0.1.0"
source = { virtual = "." }
dependencies = [
    { name = "neomodel" },
]

[package.metadata]
requires-dist = [{ name = "neomodel", specifier = ">=5.5.3" }]
